
Microsoft Visual Studio Solution File, Format Version 11.00
# Visual Studio 2010
# SharpDevelop 5.1
Project("{FAE04EC0-301F-11D3-BF4B-00C04F79EFBC}") = "test", "test\test.csproj", "{432F4D0E-89AC-4D60-9AFD-663D00FF218D}"
EndProject
Project("{FAE04EC0-301F-11D3-BF4B-00C04F79EFBC}") = "M0", "M0\M0.csproj", "{341EDEDD-F083-464C-A3DD-1C62C6BC82F2}"
EndProject
Global
	GlobalSection(SolutionConfigurationPlatforms) = preSolution
		Debug|Any CPU = Debug|Any CPU
		Release|Any CPU = Release|Any CPU
	EndGlobalSection
	GlobalSection(ProjectConfigurationPlatforms) = postSolution
		{432F4D0E-89AC-4D60-9AFD-663D00FF218D}.Debug|Any CPU.ActiveCfg = Debug|Any CPU
		{432F4D0E-89AC-4D60-9AFD-663D00FF218D}.Debug|Any CPU.Build.0 = Debug|Any CPU
		{432F4D0E-89AC-4D60-9AFD-663D00FF218D}.Release|Any CPU.ActiveCfg = Release|Any CPU
		{432F4D0E-89AC-4D60-9AFD-663D00FF218D}.Release|Any CPU.Build.0 = Release|Any CPU
		{341EDEDD-F083-464C-A3DD-1C62C6BC82F2}.Debug|Any CPU.ActiveCfg = Debug|Any CPU
		{341EDEDD-F083-464C-A3DD-1C62C6BC82F2}.Debug|Any CPU.Build.0 = Debug|Any CPU
		{341EDEDD-F083-464C-A3DD-1C62C6BC82F2}.Release|Any CPU.ActiveCfg = Release|Any CPU
		{341EDEDD-F083-464C-A3DD-1C62C6BC82F2}.Release|Any CPU.Build.0 = Release|Any CPU
	EndGlobalSection
EndGlobal
