
Microsoft Visual Studio Solution File, Format Version 12.00
# Visual Studio 14
VisualStudioVersion = 14.0.25420.1
MinimumVisualStudioVersion = 10.0.40219.1
Project("{FAE04EC0-301F-11D3-BF4B-00C04F79EFBC}") = "Archiving-methods", "Archiving-methods\Archiving-methods.csproj", "{C720300E-5876-48FE-B8E0-02FA599F970C}"
EndProject
Project("{FAE04EC0-301F-11D3-BF4B-00C04F79EFBC}") = "Method", "Method\Method.csproj", "{06DDA8E2-CF59-430F-947F-4A10C7420104}"
EndProject
Global
	GlobalSection(SolutionConfigurationPlatforms) = preSolution
		Debug|Any CPU = Debug|Any CPU
		Release|Any CPU = Release|Any CPU
	EndGlobalSection
	GlobalSection(ProjectConfigurationPlatforms) = postSolution
		{C720300E-5876-48FE-B8E0-02FA599F970C}.Debug|Any CPU.ActiveCfg = Debug|Any CPU
		{C720300E-5876-48FE-B8E0-02FA599F970C}.Debug|Any CPU.Build.0 = Debug|Any CPU
		{C720300E-5876-48FE-B8E0-02FA599F970C}.Release|Any CPU.ActiveCfg = Release|Any CPU
		{C720300E-5876-48FE-B8E0-02FA599F970C}.Release|Any CPU.Build.0 = Release|Any CPU
		{06DDA8E2-CF59-430F-947F-4A10C7420104}.Debug|Any CPU.ActiveCfg = Debug|Any CPU
		{06DDA8E2-CF59-430F-947F-4A10C7420104}.Debug|Any CPU.Build.0 = Debug|Any CPU
		{06DDA8E2-CF59-430F-947F-4A10C7420104}.Release|Any CPU.ActiveCfg = Release|Any CPU
		{06DDA8E2-CF59-430F-947F-4A10C7420104}.Release|Any CPU.Build.0 = Release|Any CPU
	EndGlobalSection
	GlobalSection(SolutionProperties) = preSolution
		HideSolutionNode = FALSE
	EndGlobalSection
EndGlobal
